
Microsoft Visual Studio Solution File, Format Version 12.00
# Visual Studio Version 17
VisualStudioVersion = 17.10.34902.84
MinimumVisualStudioVersion = 10.0.40219.1
Project("{FAE04EC0-301F-11D3-BF4B-00C04F79EFBC}") = "loancalcREAL", "loancalcREAL\loancalcREAL.csproj", "{28A88981-5A9C-4FDD-8B61-84BD48754657}"
EndProject
Global
	GlobalSection(SolutionConfigurationPlatforms) = preSolution
		Debug|Any CPU = Debug|Any CPU
		Release|Any CPU = Release|Any CPU
	EndGlobalSection
	GlobalSection(ProjectConfigurationPlatforms) = postSolution
		{28A88981-5A9C-4FDD-8B61-84BD48754657}.Debug|Any CPU.ActiveCfg = Debug|Any CPU
		{28A88981-5A9C-4FDD-8B61-84BD48754657}.Debug|Any CPU.Build.0 = Debug|Any CPU
		{28A88981-5A9C-4FDD-8B61-84BD48754657}.Release|Any CPU.ActiveCfg = Release|Any CPU
		{28A88981-5A9C-4FDD-8B61-84BD48754657}.Release|Any CPU.Build.0 = Release|Any CPU
	EndGlobalSection
	GlobalSection(SolutionProperties) = preSolution
		HideSolutionNode = FALSE
	EndGlobalSection
	GlobalSection(ExtensibilityGlobals) = postSolution
		SolutionGuid = {A7934511-B577-4F59-9802-FA2F4BBCFED2}
	EndGlobalSection
EndGlobal
