
Microsoft Visual Studio Solution File, Format Version 12.00
# Visual Studio Version 17
VisualStudioVersion = 17.0.32014.148
MinimumVisualStudioVersion = 10.0.40219.1
Project("{FAE04EC0-301F-11D3-BF4B-00C04F79EFBC}") = "prog435ticketsales", "prog435ticketsales\prog435ticketsales.csproj", "{9E8B5157-BB6F-4698-B7CA-4C82B4532F7E}"
EndProject
Global
	GlobalSection(SolutionConfigurationPlatforms) = preSolution
		Debug|Any CPU = Debug|Any CPU
		Release|Any CPU = Release|Any CPU
	EndGlobalSection
	GlobalSection(ProjectConfigurationPlatforms) = postSolution
		{9E8B5157-BB6F-4698-B7CA-4C82B4532F7E}.Debug|Any CPU.ActiveCfg = Debug|Any CPU
		{9E8B5157-BB6F-4698-B7CA-4C82B4532F7E}.Debug|Any CPU.Build.0 = Debug|Any CPU
		{9E8B5157-BB6F-4698-B7CA-4C82B4532F7E}.Release|Any CPU.ActiveCfg = Release|Any CPU
		{9E8B5157-BB6F-4698-B7CA-4C82B4532F7E}.Release|Any CPU.Build.0 = Release|Any CPU
	EndGlobalSection
	GlobalSection(SolutionProperties) = preSolution
		HideSolutionNode = FALSE
	EndGlobalSection
	GlobalSection(ExtensibilityGlobals) = postSolution
		SolutionGuid = {8F3656D7-8D3D-41E0-AA92-83C26925EA09}
	EndGlobalSection
EndGlobal
