
Microsoft Visual Studio Solution File, Format Version 12.00
# Visual Studio Version 17
VisualStudioVersion = 17.10.34902.84
MinimumVisualStudioVersion = 10.0.40219.1
Project("{FAE04EC0-301F-11D3-BF4B-00C04F79EFBC}") = "prog122d", "prog122d\prog122d.csproj", "{3EBB32A5-266F-40A5-A5A5-B1D08DB66DCF}"
EndProject
Global
	GlobalSection(SolutionConfigurationPlatforms) = preSolution
		Debug|Any CPU = Debug|Any CPU
		Release|Any CPU = Release|Any CPU
	EndGlobalSection
	GlobalSection(ProjectConfigurationPlatforms) = postSolution
		{3EBB32A5-266F-40A5-A5A5-B1D08DB66DCF}.Debug|Any CPU.ActiveCfg = Debug|Any CPU
		{3EBB32A5-266F-40A5-A5A5-B1D08DB66DCF}.Debug|Any CPU.Build.0 = Debug|Any CPU
		{3EBB32A5-266F-40A5-A5A5-B1D08DB66DCF}.Release|Any CPU.ActiveCfg = Release|Any CPU
		{3EBB32A5-266F-40A5-A5A5-B1D08DB66DCF}.Release|Any CPU.Build.0 = Release|Any CPU
	EndGlobalSection
	GlobalSection(SolutionProperties) = preSolution
		HideSolutionNode = FALSE
	EndGlobalSection
	GlobalSection(ExtensibilityGlobals) = postSolution
		SolutionGuid = {334C55AD-29ED-4F74-B0BA-184D114C6A7E}
	EndGlobalSection
EndGlobal
