
Microsoft Visual Studio Solution File, Format Version 11.00
# Visual Studio 2010
# SharpDevelop 4.4
Project("{FD48973F-F585-4F70-812B-4D0503B36CE9}") = "prog52b", "prog52b\prog52b.pyproj", "{62CEB81C-87DC-4698-909A-ED79D2FDBD61}"
EndProject
Global
	GlobalSection(SolutionConfigurationPlatforms) = preSolution
		Debug|Any CPU = Debug|Any CPU
		Release|Any CPU = Release|Any CPU
	EndGlobalSection
	GlobalSection(ProjectConfigurationPlatforms) = postSolution
		{62CEB81C-87DC-4698-909A-ED79D2FDBD61}.Debug|Any CPU.Build.0 = Debug|Any CPU
		{62CEB81C-87DC-4698-909A-ED79D2FDBD61}.Debug|Any CPU.ActiveCfg = Debug|Any CPU
		{62CEB81C-87DC-4698-909A-ED79D2FDBD61}.Release|Any CPU.Build.0 = Release|Any CPU
		{62CEB81C-87DC-4698-909A-ED79D2FDBD61}.Release|Any CPU.ActiveCfg = Release|Any CPU
	EndGlobalSection
EndGlobal
