
Microsoft Visual Studio Solution File, Format Version 11.00
# Visual Studio 2010
# SharpDevelop 4.4
Project("{FD48973F-F585-4F70-812B-4D0503B36CE9}") = "About Me", "About Me\About Me.pyproj", "{DAE82FCF-DF4C-4538-A6C0-F449681A8FC1}"
EndProject
Global
	GlobalSection(SolutionConfigurationPlatforms) = preSolution
		Debug|Any CPU = Debug|Any CPU
		Release|Any CPU = Release|Any CPU
	EndGlobalSection
	GlobalSection(ProjectConfigurationPlatforms) = postSolution
		{DAE82FCF-DF4C-4538-A6C0-F449681A8FC1}.Debug|Any CPU.Build.0 = Debug|Any CPU
		{DAE82FCF-DF4C-4538-A6C0-F449681A8FC1}.Debug|Any CPU.ActiveCfg = Debug|Any CPU
		{DAE82FCF-DF4C-4538-A6C0-F449681A8FC1}.Release|Any CPU.Build.0 = Release|Any CPU
		{DAE82FCF-DF4C-4538-A6C0-F449681A8FC1}.Release|Any CPU.ActiveCfg = Release|Any CPU
	EndGlobalSection
EndGlobal
